
Microsoft Visual Studio Solution File, Format Version 12.00
# Visual Studio Version 16
VisualStudioVersion = 16.0.32228.343
MinimumVisualStudioVersion = 10.0.40219.1
Project("{FAE04EC0-301F-11D3-BF4B-00C04F79EFBC}") = "ThreadEventOnClose", "ThreadEventOnClose\ThreadEventOnClose.csproj", "{CC5D7139-8A30-41E5-9FC7-380A40D42053}"
EndProject
Global
	GlobalSection(SolutionConfigurationPlatforms) = preSolution
		Debug|Any CPU = Debug|Any CPU
		Release|Any CPU = Release|Any CPU
	EndGlobalSection
	GlobalSection(ProjectConfigurationPlatforms) = postSolution
		{CC5D7139-8A30-41E5-9FC7-380A40D42053}.Debug|Any CPU.ActiveCfg = Debug|Any CPU
		{CC5D7139-8A30-41E5-9FC7-380A40D42053}.Debug|Any CPU.Build.0 = Debug|Any CPU
		{CC5D7139-8A30-41E5-9FC7-380A40D42053}.Release|Any CPU.ActiveCfg = Release|Any CPU
		{CC5D7139-8A30-41E5-9FC7-380A40D42053}.Release|Any CPU.Build.0 = Release|Any CPU
	EndGlobalSection
	GlobalSection(SolutionProperties) = preSolution
		HideSolutionNode = FALSE
	EndGlobalSection
	GlobalSection(ExtensibilityGlobals) = postSolution
		SolutionGuid = {251C42E3-E6AA-49C1-B8CC-710A07B58272}
	EndGlobalSection
EndGlobal
